
Microsoft Visual Studio Solution File, Format Version 12.00
# Visual Studio 15
Project("{FAE04EC0-301F-11D3-BF4B-00C04F79EFBC}") = "Assembly-CSharp", "Assembly-CSharp.csproj", "{33A94D50-1793-E951-1C6B-304C9DDC1915}"
EndProject
Project("{FAE04EC0-301F-11D3-BF4B-00C04F79EFBC}") = "Assembly-CSharp-Editor", "Assembly-CSharp-Editor.csproj", "{926F9371-1B37-3870-B436-80574EB915C1}"
EndProject
Global
	GlobalSection(SolutionConfigurationPlatforms) = preSolution
		Debug|Any CPU = Debug|Any CPU
		Release|Any CPU = Release|Any CPU
	EndGlobalSection
	GlobalSection(ProjectConfigurationPlatforms) = postSolution
		{33A94D50-1793-E951-1C6B-304C9DDC1915}.Debug|Any CPU.ActiveCfg = Debug|Any CPU
		{33A94D50-1793-E951-1C6B-304C9DDC1915}.Debug|Any CPU.Build.0 = Debug|Any CPU
		{33A94D50-1793-E951-1C6B-304C9DDC1915}.Release|Any CPU.ActiveCfg = Release|Any CPU
		{33A94D50-1793-E951-1C6B-304C9DDC1915}.Release|Any CPU.Build.0 = Release|Any CPU
		{926F9371-1B37-3870-B436-80574EB915C1}.Debug|Any CPU.ActiveCfg = Debug|Any CPU
		{926F9371-1B37-3870-B436-80574EB915C1}.Debug|Any CPU.Build.0 = Debug|Any CPU
		{926F9371-1B37-3870-B436-80574EB915C1}.Release|Any CPU.ActiveCfg = Release|Any CPU
		{926F9371-1B37-3870-B436-80574EB915C1}.Release|Any CPU.Build.0 = Release|Any CPU
	EndGlobalSection
	GlobalSection(SolutionProperties) = preSolution
		HideSolutionNode = FALSE
	EndGlobalSection
EndGlobal
