
Microsoft Visual Studio Solution File, Format Version 12.00
# Visual Studio 15
Project("{FAE04EC0-301F-11D3-BF4B-00C04F79EFBC}") = "Assembly-CSharp", "Assembly-CSharp.csproj", "{B035E4D4-7607-A16E-563C-EE11FC5A8741}"
EndProject
Project("{FAE04EC0-301F-11D3-BF4B-00C04F79EFBC}") = "Assembly-CSharp-Editor", "Assembly-CSharp-Editor.csproj", "{656F9E35-F849-F646-A0FD-E8AF1D023D46}"
EndProject
Global
	GlobalSection(SolutionConfigurationPlatforms) = preSolution
		Debug|Any CPU = Debug|Any CPU
		Release|Any CPU = Release|Any CPU
	EndGlobalSection
	GlobalSection(ProjectConfigurationPlatforms) = postSolution
		{B035E4D4-7607-A16E-563C-EE11FC5A8741}.Debug|Any CPU.ActiveCfg = Debug|Any CPU
		{B035E4D4-7607-A16E-563C-EE11FC5A8741}.Debug|Any CPU.Build.0 = Debug|Any CPU
		{B035E4D4-7607-A16E-563C-EE11FC5A8741}.Release|Any CPU.ActiveCfg = Release|Any CPU
		{B035E4D4-7607-A16E-563C-EE11FC5A8741}.Release|Any CPU.Build.0 = Release|Any CPU
		{656F9E35-F849-F646-A0FD-E8AF1D023D46}.Debug|Any CPU.ActiveCfg = Debug|Any CPU
		{656F9E35-F849-F646-A0FD-E8AF1D023D46}.Debug|Any CPU.Build.0 = Debug|Any CPU
		{656F9E35-F849-F646-A0FD-E8AF1D023D46}.Release|Any CPU.ActiveCfg = Release|Any CPU
		{656F9E35-F849-F646-A0FD-E8AF1D023D46}.Release|Any CPU.Build.0 = Release|Any CPU
	EndGlobalSection
	GlobalSection(SolutionProperties) = preSolution
		HideSolutionNode = FALSE
	EndGlobalSection
EndGlobal
